
Microsoft Visual Studio Solution File, Format Version 12.00
# Visual Studio Version 17
VisualStudioVersion = 17.2.32314.265
MinimumVisualStudioVersion = 10.0.40219.1
Project("{9A19103F-16F7-4668-BE54-9A1E7A4F7556}") = "StringHandlerAndLogging", "StringHandlerAndLogging\StringHandlerAndLogging.csproj", "{B6A11556-DF28-40F6-A986-6F93BED6CCED}"
EndProject
Project("{FAE04EC0-301F-11D3-BF4B-00C04F79EFBC}") = "CustomInterpolStringHandler", "CustomInterpolStringHandler\CustomInterpolStringHandler.csproj", "{D4B6009A-CF60-4FB8-9118-6488BF7F4091}"
EndProject
Global
	GlobalSection(SolutionConfigurationPlatforms) = preSolution
		Debug|Any CPU = Debug|Any CPU
		Release|Any CPU = Release|Any CPU
	EndGlobalSection
	GlobalSection(ProjectConfigurationPlatforms) = postSolution
		{B6A11556-DF28-40F6-A986-6F93BED6CCED}.Debug|Any CPU.ActiveCfg = Debug|Any CPU
		{B6A11556-DF28-40F6-A986-6F93BED6CCED}.Debug|Any CPU.Build.0 = Debug|Any CPU
		{B6A11556-DF28-40F6-A986-6F93BED6CCED}.Release|Any CPU.ActiveCfg = Release|Any CPU
		{B6A11556-DF28-40F6-A986-6F93BED6CCED}.Release|Any CPU.Build.0 = Release|Any CPU
		{D4B6009A-CF60-4FB8-9118-6488BF7F4091}.Debug|Any CPU.ActiveCfg = Debug|Any CPU
		{D4B6009A-CF60-4FB8-9118-6488BF7F4091}.Debug|Any CPU.Build.0 = Debug|Any CPU
		{D4B6009A-CF60-4FB8-9118-6488BF7F4091}.Release|Any CPU.ActiveCfg = Release|Any CPU
		{D4B6009A-CF60-4FB8-9118-6488BF7F4091}.Release|Any CPU.Build.0 = Release|Any CPU
	EndGlobalSection
	GlobalSection(SolutionProperties) = preSolution
		HideSolutionNode = FALSE
	EndGlobalSection
	GlobalSection(ExtensibilityGlobals) = postSolution
		SolutionGuid = {9FE1420C-D5F4-44FC-A0D3-E3E1164291AA}
	EndGlobalSection
EndGlobal
